// !$*UTF8*$!
{
	archiveVersion = 1;
	classes = {
	};
	objectVersion = 55;
	objects = {

/* Begin PBXBuildFile section */
		22575131275B44BA009555EF /* PokeMasterApp.swift in Sources */ = {isa = PBXBuildFile; fileRef = 22575130275B44BA009555EF /* PokeMasterApp.swift */; };
		22575133275B44BA009555EF /* ContentView.swift in Sources */ = {isa = PBXBuildFile; fileRef = 22575132275B44BA009555EF /* ContentView.swift */; };
		22575135275B44BC009555EF /* Assets.xcassets in Resources */ = {isa = PBXBuildFile; fileRef = 22575134275B44BC009555EF /* Assets.xcassets */; };
		22575138275B44BC009555EF /* Preview Assets.xcassets in Resources */ = {isa = PBXBuildFile; fileRef = 22575137275B44BC009555EF /* Preview Assets.xcassets */; };
		2257518D275B4528009555EF /* AbilityViewModel.swift in Sources */ = {isa = PBXBuildFile; fileRef = 22575140275B4527009555EF /* AbilityViewModel.swift */; };
		2257518E275B4528009555EF /* PokemonViewModel.swift in Sources */ = {isa = PBXBuildFile; fileRef = 22575141275B4527009555EF /* PokemonViewModel.swift */; };
		2257518F275B4528009555EF /* Language.swift in Sources */ = {isa = PBXBuildFile; fileRef = 22575143275B4527009555EF /* Language.swift */; };
		22575190275B4528009555EF /* Ability.swift in Sources */ = {isa = PBXBuildFile; fileRef = 22575144275B4527009555EF /* Ability.swift */; };
		22575191275B4528009555EF /* Pokemon.swift in Sources */ = {isa = PBXBuildFile; fileRef = 22575145275B4527009555EF /* Pokemon.swift */; };
		22575192275B4528009555EF /* PokemonSpecies.swift in Sources */ = {isa = PBXBuildFile; fileRef = 22575146275B4527009555EF /* PokemonSpecies.swift */; };
		22575193275B4528009555EF /* pokemon-7.json in Resources */ = {isa = PBXBuildFile; fileRef = 22575149275B4527009555EF /* pokemon-7.json */; };
		22575194275B4528009555EF /* pokemon-14.json in Resources */ = {isa = PBXBuildFile; fileRef = 2257514A275B4527009555EF /* pokemon-14.json */; };
		22575195275B4528009555EF /* pokemon-22.json in Resources */ = {isa = PBXBuildFile; fileRef = 2257514B275B4527009555EF /* pokemon-22.json */; };
		22575196275B4528009555EF /* pokemon-18.json in Resources */ = {isa = PBXBuildFile; fileRef = 2257514C275B4527009555EF /* pokemon-18.json */; };
		22575197275B4528009555EF /* pokemon-19.json in Resources */ = {isa = PBXBuildFile; fileRef = 2257514D275B4527009555EF /* pokemon-19.json */; };
		22575198275B4528009555EF /* pokemon-23.json in Resources */ = {isa = PBXBuildFile; fileRef = 2257514E275B4527009555EF /* pokemon-23.json */; };
		22575199275B4528009555EF /* pokemon-15.json in Resources */ = {isa = PBXBuildFile; fileRef = 2257514F275B4527009555EF /* pokemon-15.json */; };
		2257519A275B4528009555EF /* pokemon-6.json in Resources */ = {isa = PBXBuildFile; fileRef = 22575150275B4527009555EF /* pokemon-6.json */; };
		2257519B275B4528009555EF /* pokemon-24.json in Resources */ = {isa = PBXBuildFile; fileRef = 22575151275B4527009555EF /* pokemon-24.json */; };
		2257519C275B4528009555EF /* pokemon-28.json in Resources */ = {isa = PBXBuildFile; fileRef = 22575152275B4527009555EF /* pokemon-28.json */; };
		2257519D275B4528009555EF /* pokemon-1.json in Resources */ = {isa = PBXBuildFile; fileRef = 22575153275B4527009555EF /* pokemon-1.json */; };
		2257519E275B4528009555EF /* pokemon-12.json in Resources */ = {isa = PBXBuildFile; fileRef = 22575154275B4527009555EF /* pokemon-12.json */; };
		2257519F275B4528009555EF /* pokemon-13.json in Resources */ = {isa = PBXBuildFile; fileRef = 22575155275B4527009555EF /* pokemon-13.json */; };
		225751A0275B4528009555EF /* pokemon-29.json in Resources */ = {isa = PBXBuildFile; fileRef = 22575156275B4527009555EF /* pokemon-29.json */; };
		225751A1275B4528009555EF /* pokemon-25.json in Resources */ = {isa = PBXBuildFile; fileRef = 22575157275B4527009555EF /* pokemon-25.json */; };
		225751A2275B4528009555EF /* pokemon-26.json in Resources */ = {isa = PBXBuildFile; fileRef = 22575158275B4527009555EF /* pokemon-26.json */; };
		225751A3275B4528009555EF /* pokemon-30.json in Resources */ = {isa = PBXBuildFile; fileRef = 22575159275B4527009555EF /* pokemon-30.json */; };
		225751A4275B4528009555EF /* pokemon-10.json in Resources */ = {isa = PBXBuildFile; fileRef = 2257515A275B4527009555EF /* pokemon-10.json */; };
		225751A5275B4528009555EF /* pokemon-3.json in Resources */ = {isa = PBXBuildFile; fileRef = 2257515B275B4527009555EF /* pokemon-3.json */; };
		225751A6275B4528009555EF /* pokemon-2.json in Resources */ = {isa = PBXBuildFile; fileRef = 2257515C275B4527009555EF /* pokemon-2.json */; };
		225751A7275B4528009555EF /* pokemon-11.json in Resources */ = {isa = PBXBuildFile; fileRef = 2257515D275B4527009555EF /* pokemon-11.json */; };
		225751A8275B4528009555EF /* pokemon-27.json in Resources */ = {isa = PBXBuildFile; fileRef = 2257515E275B4527009555EF /* pokemon-27.json */; };
		225751A9275B4528009555EF /* pokemon-16.json in Resources */ = {isa = PBXBuildFile; fileRef = 2257515F275B4527009555EF /* pokemon-16.json */; };
		225751AA275B4528009555EF /* pokemon-5.json in Resources */ = {isa = PBXBuildFile; fileRef = 22575160275B4527009555EF /* pokemon-5.json */; };
		225751AB275B4528009555EF /* pokemon-9.json in Resources */ = {isa = PBXBuildFile; fileRef = 22575161275B4527009555EF /* pokemon-9.json */; };
		225751AC275B4528009555EF /* pokemon-20.json in Resources */ = {isa = PBXBuildFile; fileRef = 22575162275B4527009555EF /* pokemon-20.json */; };
		225751AD275B4528009555EF /* pokemon-21.json in Resources */ = {isa = PBXBuildFile; fileRef = 22575163275B4527009555EF /* pokemon-21.json */; };
		225751AE275B4528009555EF /* pokemon-8.json in Resources */ = {isa = PBXBuildFile; fileRef = 22575164275B4527009555EF /* pokemon-8.json */; };
		225751AF275B4528009555EF /* pokemon-4.json in Resources */ = {isa = PBXBuildFile; fileRef = 22575165275B4527009555EF /* pokemon-4.json */; };
		225751B0275B4528009555EF /* pokemon-17.json in Resources */ = {isa = PBXBuildFile; fileRef = 22575166275B4527009555EF /* pokemon-17.json */; };
		225751B1275B4528009555EF /* pokemon-species-11.json in Resources */ = {isa = PBXBuildFile; fileRef = 22575168275B4527009555EF /* pokemon-species-11.json */; };
		225751B2275B4528009555EF /* pokemon-species-7.json in Resources */ = {isa = PBXBuildFile; fileRef = 22575169275B4527009555EF /* pokemon-species-7.json */; };
		225751B3275B4528009555EF /* pokemon-species-27.json in Resources */ = {isa = PBXBuildFile; fileRef = 2257516A275B4527009555EF /* pokemon-species-27.json */; };
		225751B4275B4528009555EF /* pokemon-species-30.json in Resources */ = {isa = PBXBuildFile; fileRef = 2257516B275B4527009555EF /* pokemon-species-30.json */; };
		225751B5275B4528009555EF /* pokemon-species-26.json in Resources */ = {isa = PBXBuildFile; fileRef = 2257516C275B4527009555EF /* pokemon-species-26.json */; };
		225751B6275B4528009555EF /* pokemon-species-6.json in Resources */ = {isa = PBXBuildFile; fileRef = 2257516D275B4527009555EF /* pokemon-species-6.json */; };
		225751B7275B4528009555EF /* pokemon-species-10.json in Resources */ = {isa = PBXBuildFile; fileRef = 2257516E275B4527009555EF /* pokemon-species-10.json */; };
		225751B8275B4528009555EF /* pokemon-species-21.json in Resources */ = {isa = PBXBuildFile; fileRef = 2257516F275B4527009555EF /* pokemon-species-21.json */; };
		225751B9275B4528009555EF /* pokemon-species-17.json in Resources */ = {isa = PBXBuildFile; fileRef = 22575170275B4527009555EF /* pokemon-species-17.json */; };
		225751BA275B4528009555EF /* pokemon-species-1.json in Resources */ = {isa = PBXBuildFile; fileRef = 22575171275B4527009555EF /* pokemon-species-1.json */; };
		225751BB275B4528009555EF /* pokemon-species-16.json in Resources */ = {isa = PBXBuildFile; fileRef = 22575172275B4527009555EF /* pokemon-species-16.json */; };
		225751BC275B4528009555EF /* pokemon-species-20.json in Resources */ = {isa = PBXBuildFile; fileRef = 22575173275B4527009555EF /* pokemon-species-20.json */; };
		225751BD275B4528009555EF /* pokemon-species-23.json in Resources */ = {isa = PBXBuildFile; fileRef = 22575174275B4527009555EF /* pokemon-species-23.json */; };
		225751BE275B4528009555EF /* pokemon-species-19.json in Resources */ = {isa = PBXBuildFile; fileRef = 22575175275B4527009555EF /* pokemon-species-19.json */; };
		225751BF275B4528009555EF /* pokemon-species-3.json in Resources */ = {isa = PBXBuildFile; fileRef = 22575176275B4527009555EF /* pokemon-species-3.json */; };
		225751C0275B4528009555EF /* pokemon-species-15.json in Resources */ = {isa = PBXBuildFile; fileRef = 22575177275B4527009555EF /* pokemon-species-15.json */; };
		225751C1275B4528009555EF /* pokemon-species-14.json in Resources */ = {isa = PBXBuildFile; fileRef = 22575178275B4527009555EF /* pokemon-species-14.json */; };
		225751C2275B4528009555EF /* pokemon-species-2.json in Resources */ = {isa = PBXBuildFile; fileRef = 22575179275B4527009555EF /* pokemon-species-2.json */; };
		225751C3275B4528009555EF /* pokemon-species-18.json in Resources */ = {isa = PBXBuildFile; fileRef = 2257517A275B4527009555EF /* pokemon-species-18.json */; };
		225751C4275B4528009555EF /* pokemon-species-22.json in Resources */ = {isa = PBXBuildFile; fileRef = 2257517B275B4527009555EF /* pokemon-species-22.json */; };
		225751C5275B4528009555EF /* pokemon-species-5.json in Resources */ = {isa = PBXBuildFile; fileRef = 2257517C275B4527009555EF /* pokemon-species-5.json */; };
		225751C6275B4528009555EF /* pokemon-species-29.json in Resources */ = {isa = PBXBuildFile; fileRef = 2257517D275B4527009555EF /* pokemon-species-29.json */; };
		225751C7275B4528009555EF /* pokemon-species-13.json in Resources */ = {isa = PBXBuildFile; fileRef = 2257517E275B4528009555EF /* pokemon-species-13.json */; };
		225751C8275B4528009555EF /* pokemon-species-9.json in Resources */ = {isa = PBXBuildFile; fileRef = 2257517F275B4528009555EF /* pokemon-species-9.json */; };
		225751C9275B4528009555EF /* pokemon-species-25.json in Resources */ = {isa = PBXBuildFile; fileRef = 22575180275B4528009555EF /* pokemon-species-25.json */; };
		225751CA275B4528009555EF /* pokemon-species-24.json in Resources */ = {isa = PBXBuildFile; fileRef = 22575181275B4528009555EF /* pokemon-species-24.json */; };
		225751CB275B4528009555EF /* pokemon-species-8.json in Resources */ = {isa = PBXBuildFile; fileRef = 22575182275B4528009555EF /* pokemon-species-8.json */; };
		225751CC275B4528009555EF /* pokemon-species-12.json in Resources */ = {isa = PBXBuildFile; fileRef = 22575183275B4528009555EF /* pokemon-species-12.json */; };
		225751CD275B4528009555EF /* pokemon-species-28.json in Resources */ = {isa = PBXBuildFile; fileRef = 22575184275B4528009555EF /* pokemon-species-28.json */; };
		225751CE275B4528009555EF /* pokemon-species-4.json in Resources */ = {isa = PBXBuildFile; fileRef = 22575185275B4528009555EF /* pokemon-species-4.json */; };
		225751CF275B4528009555EF /* ability-34.json in Resources */ = {isa = PBXBuildFile; fileRef = 22575187275B4528009555EF /* ability-34.json */; };
		225751D0275B4528009555EF /* ability-65.json in Resources */ = {isa = PBXBuildFile; fileRef = 22575188275B4528009555EF /* ability-65.json */; };
		225751D1275B4528009555EF /* FileHelper.swift in Sources */ = {isa = PBXBuildFile; fileRef = 2257518A275B4528009555EF /* FileHelper.swift */; };
		225751D2275B4528009555EF /* Sample.swift in Sources */ = {isa = PBXBuildFile; fileRef = 2257518B275B4528009555EF /* Sample.swift */; };
		225751D3275B4528009555EF /* Helpers.swift in Sources */ = {isa = PBXBuildFile; fileRef = 2257518C275B4528009555EF /* Helpers.swift */; };
/* End PBXBuildFile section */

/* Begin PBXFileReference section */
		2257512D275B44BA009555EF /* PokeMaster.app */ = {isa = PBXFileReference; explicitFileType = wrapper.application; includeInIndex = 0; path = PokeMaster.app; sourceTree = BUILT_PRODUCTS_DIR; };
		22575130275B44BA009555EF /* PokeMasterApp.swift */ = {isa = PBXFileReference; lastKnownFileType = sourcecode.swift; path = PokeMasterApp.swift; sourceTree = "<group>"; };
		22575132275B44BA009555EF /* ContentView.swift */ = {isa = PBXFileReference; lastKnownFileType = sourcecode.swift; path = ContentView.swift; sourceTree = "<group>"; };
		22575134275B44BC009555EF /* Assets.xcassets */ = {isa = PBXFileReference; lastKnownFileType = folder.assetcatalog; path = Assets.xcassets; sourceTree = "<group>"; };
		22575137275B44BC009555EF /* Preview Assets.xcassets */ = {isa = PBXFileReference; lastKnownFileType = folder.assetcatalog; path = "Preview Assets.xcassets"; sourceTree = "<group>"; };
		22575140275B4527009555EF /* AbilityViewModel.swift */ = {isa = PBXFileReference; fileEncoding = 4; lastKnownFileType = sourcecode.swift; path = AbilityViewModel.swift; sourceTree = "<group>"; };
		22575141275B4527009555EF /* PokemonViewModel.swift */ = {isa = PBXFileReference; fileEncoding = 4; lastKnownFileType = sourcecode.swift; path = PokemonViewModel.swift; sourceTree = "<group>"; };
		22575143275B4527009555EF /* Language.swift */ = {isa = PBXFileReference; fileEncoding = 4; lastKnownFileType = sourcecode.swift; path = Language.swift; sourceTree = "<group>"; };
		22575144275B4527009555EF /* Ability.swift */ = {isa = PBXFileReference; fileEncoding = 4; lastKnownFileType = sourcecode.swift; path = Ability.swift; sourceTree = "<group>"; };
		22575145275B4527009555EF /* Pokemon.swift */ = {isa = PBXFileReference; fileEncoding = 4; lastKnownFileType = sourcecode.swift; path = Pokemon.swift; sourceTree = "<group>"; };
		22575146275B4527009555EF /* PokemonSpecies.swift */ = {isa = PBXFileReference; fileEncoding = 4; lastKnownFileType = sourcecode.swift; path = PokemonSpecies.swift; sourceTree = "<group>"; };
		22575149275B4527009555EF /* pokemon-7.json */ = {isa = PBXFileReference; fileEncoding = 4; lastKnownFileType = text.json; path = "pokemon-7.json"; sourceTree = "<group>"; };
		2257514A275B4527009555EF /* pokemon-14.json */ = {isa = PBXFileReference; fileEncoding = 4; lastKnownFileType = text.json; path = "pokemon-14.json"; sourceTree = "<group>"; };
		2257514B275B4527009555EF /* pokemon-22.json */ = {isa = PBXFileReference; fileEncoding = 4; lastKnownFileType = text.json; path = "pokemon-22.json"; sourceTree = "<group>"; };
		2257514C275B4527009555EF /* pokemon-18.json */ = {isa = PBXFileReference; fileEncoding = 4; lastKnownFileType = text.json; path = "pokemon-18.json"; sourceTree = "<group>"; };
		2257514D275B4527009555EF /* pokemon-19.json */ = {isa = PBXFileReference; fileEncoding = 4; lastKnownFileType = text.json; path = "pokemon-19.json"; sourceTree = "<group>"; };
		2257514E275B4527009555EF /* pokemon-23.json */ = {isa = PBXFileReference; fileEncoding = 4; lastKnownFileType = text.json; path = "pokemon-23.json"; sourceTree = "<group>"; };
		2257514F275B4527009555EF /* pokemon-15.json */ = {isa = PBXFileReference; fileEncoding = 4; lastKnownFileType = text.json; path = "pokemon-15.json"; sourceTree = "<group>"; };
		22575150275B4527009555EF /* pokemon-6.json */ = {isa = PBXFileReference; fileEncoding = 4; lastKnownFileType = text.json; path = "pokemon-6.json"; sourceTree = "<group>"; };
		22575151275B4527009555EF /* pokemon-24.json */ = {isa = PBXFileReference; fileEncoding = 4; lastKnownFileType = text.json; path = "pokemon-24.json"; sourceTree = "<group>"; };
		22575152275B4527009555EF /* pokemon-28.json */ = {isa = PBXFileReference; fileEncoding = 4; lastKnownFileType = text.json; path = "pokemon-28.json"; sourceTree = "<group>"; };
		22575153275B4527009555EF /* pokemon-1.json */ = {isa = PBXFileReference; fileEncoding = 4; lastKnownFileType = text.json; path = "pokemon-1.json"; sourceTree = "<group>"; };
		22575154275B4527009555EF /* pokemon-12.json */ = {isa = PBXFileReference; fileEncoding = 4; lastKnownFileType = text.json; path = "pokemon-12.json"; sourceTree = "<group>"; };
		22575155275B4527009555EF /* pokemon-13.json */ = {isa = PBXFileReference; fileEncoding = 4; lastKnownFileType = text.json; path = "pokemon-13.json"; sourceTree = "<group>"; };
		22575156275B4527009555EF /* pokemon-29.json */ = {isa = PBXFileReference; fileEncoding = 4; lastKnownFileType = text.json; path = "pokemon-29.json"; sourceTree = "<group>"; };
		22575157275B4527009555EF /* pokemon-25.json */ = {isa = PBXFileReference; fileEncoding = 4; lastKnownFileType = text.json; path = "pokemon-25.json"; sourceTree = "<group>"; };
		22575158275B4527009555EF /* pokemon-26.json */ = {isa = PBXFileReference; fileEncoding = 4; lastKnownFileType = text.json; path = "pokemon-26.json"; sourceTree = "<group>"; };
		22575159275B4527009555EF /* pokemon-30.json */ = {isa = PBXFileReference; fileEncoding = 4; lastKnownFileType = text.json; path = "pokemon-30.json"; sourceTree = "<group>"; };
		2257515A275B4527009555EF /* pokemon-10.json */ = {isa = PBXFileReference; fileEncoding = 4; lastKnownFileType = text.json; path = "pokemon-10.json"; sourceTree = "<group>"; };
		2257515B275B4527009555EF /* pokemon-3.json */ = {isa = PBXFileReference; fileEncoding = 4; lastKnownFileType = text.json; path = "pokemon-3.json"; sourceTree = "<group>"; };
		2257515C275B4527009555EF /* pokemon-2.json */ = {isa = PBXFileReference; fileEncoding = 4; lastKnownFileType = text.json; path = "pokemon-2.json"; sourceTree = "<group>"; };
		2257515D275B4527009555EF /* pokemon-11.json */ = {isa = PBXFileReference; fileEncoding = 4; lastKnownFileType = text.json; path = "pokemon-11.json"; sourceTree = "<group>"; };
		2257515E275B4527009555EF /* pokemon-27.json */ = {isa = PBXFileReference; fileEncoding = 4; lastKnownFileType = text.json; path = "pokemon-27.json"; sourceTree = "<group>"; };
		2257515F275B4527009555EF /* pokemon-16.json */ = {isa = PBXFileReference; fileEncoding = 4; lastKnownFileType = text.json; path = "pokemon-16.json"; sourceTree = "<group>"; };
		22575160275B4527009555EF /* pokemon-5.json */ = {isa = PBXFileReference; fileEncoding = 4; lastKnownFileType = text.json; path = "pokemon-5.json"; sourceTree = "<group>"; };
		22575161275B4527009555EF /* pokemon-9.json */ = {isa = PBXFileReference; fileEncoding = 4; lastKnownFileType = text.json; path = "pokemon-9.json"; sourceTree = "<group>"; };
		22575162275B4527009555EF /* pokemon-20.json */ = {isa = PBXFileReference; fileEncoding = 4; lastKnownFileType = text.json; path = "pokemon-20.json"; sourceTree = "<group>"; };
		22575163275B4527009555EF /* pokemon-21.json */ = {isa = PBXFileReference; fileEncoding = 4; lastKnownFileType = text.json; path = "pokemon-21.json"; sourceTree = "<group>"; };
		22575164275B4527009555EF /* pokemon-8.json */ = {isa = PBXFileReference; fileEncoding = 4; lastKnownFileType = text.json; path = "pokemon-8.json"; sourceTree = "<group>"; };
		22575165275B4527009555EF /* pokemon-4.json */ = {isa = PBXFileReference; fileEncoding = 4; lastKnownFileType = text.json; path = "pokemon-4.json"; sourceTree = "<group>"; };
		22575166275B4527009555EF /* pokemon-17.json */ = {isa = PBXFileReference; fileEncoding = 4; lastKnownFileType = text.json; path = "pokemon-17.json"; sourceTree = "<group>"; };
		22575168275B4527009555EF /* pokemon-species-11.json */ = {isa = PBXFileReference; fileEncoding = 4; lastKnownFileType = text.json; path = "pokemon-species-11.json"; sourceTree = "<group>"; };
		22575169275B4527009555EF /* pokemon-species-7.json */ = {isa = PBXFileReference; fileEncoding = 4; lastKnownFileType = text.json; path = "pokemon-species-7.json"; sourceTree = "<group>"; };
		2257516A275B4527009555EF /* pokemon-species-27.json */ = {isa = PBXFileReference; fileEncoding = 4; lastKnownFileType = text.json; path = "pokemon-species-27.json"; sourceTree = "<group>"; };
		2257516B275B4527009555EF /* pokemon-species-30.json */ = {isa = PBXFileReference; fileEncoding = 4; lastKnownFileType = text.json; path = "pokemon-species-30.json"; sourceTree = "<group>"; };
		2257516C275B4527009555EF /* pokemon-species-26.json */ = {isa = PBXFileReference; fileEncoding = 4; lastKnownFileType = text.json; path = "pokemon-species-26.json"; sourceTree = "<group>"; };
		2257516D275B4527009555EF /* pokemon-species-6.json */ = {isa = PBXFileReference; fileEncoding = 4; lastKnownFileType = text.json; path = "pokemon-species-6.json"; sourceTree = "<group>"; };
		2257516E275B4527009555EF /* pokemon-species-10.json */ = {isa = PBXFileReference; fileEncoding = 4; lastKnownFileType = text.json; path = "pokemon-species-10.json"; sourceTree = "<group>"; };
		2257516F275B4527009555EF /* pokemon-species-21.json */ = {isa = PBXFileReference; fileEncoding = 4; lastKnownFileType = text.json; path = "pokemon-species-21.json"; sourceTree = "<group>"; };
		22575170275B4527009555EF /* pokemon-species-17.json */ = {isa = PBXFileReference; fileEncoding = 4; lastKnownFileType = text.json; path = "pokemon-species-17.json"; sourceTree = "<group>"; };
		22575171275B4527009555EF /* pokemon-species-1.json */ = {isa = PBXFileReference; fileEncoding = 4; lastKnownFileType = text.json; path = "pokemon-species-1.json"; sourceTree = "<group>"; };
		22575172275B4527009555EF /* pokemon-species-16.json */ = {isa = PBXFileReference; fileEncoding = 4; lastKnownFileType = text.json; path = "pokemon-species-16.json"; sourceTree = "<group>"; };
		22575173275B4527009555EF /* pokemon-species-20.json */ = {isa = PBXFileReference; fileEncoding = 4; lastKnownFileType = text.json; path = "pokemon-species-20.json"; sourceTree = "<group>"; };
		22575174275B4527009555EF /* pokemon-species-23.json */ = {isa = PBXFileReference; fileEncoding = 4; lastKnownFileType = text.json; path = "pokemon-species-23.json"; sourceTree = "<group>"; };
		22575175275B4527009555EF /* pokemon-species-19.json */ = {isa = PBXFileReference; fileEncoding = 4; lastKnownFileType = text.json; path = "pokemon-species-19.json"; sourceTree = "<group>"; };
		22575176275B4527009555EF /* pokemon-species-3.json */ = {isa = PBXFileReference; fileEncoding = 4; lastKnownFileType = text.json; path = "pokemon-species-3.json"; sourceTree = "<group>"; };
		22575177275B4527009555EF /* pokemon-species-15.json */ = {isa = PBXFileReference; fileEncoding = 4; lastKnownFileType = text.json; path = "pokemon-species-15.json"; sourceTree = "<group>"; };
		22575178275B4527009555EF /* pokemon-species-14.json */ = {isa = PBXFileReference; fileEncoding = 4; lastKnownFileType = text.json; path = "pokemon-species-14.json"; sourceTree = "<group>"; };
		22575179275B4527009555EF /* pokemon-species-2.json */ = {isa = PBXFileReference; fileEncoding = 4; lastKnownFileType = text.json; path = "pokemon-species-2.json"; sourceTree = "<group>"; };
		2257517A275B4527009555EF /* pokemon-species-18.json */ = {isa = PBXFileReference; fileEncoding = 4; lastKnownFileType = text.json; path = "pokemon-species-18.json"; sourceTree = "<group>"; };
		2257517B275B4527009555EF /* pokemon-species-22.json */ = {isa = PBXFileReference; fileEncoding = 4; lastKnownFileType = text.json; path = "pokemon-species-22.json"; sourceTree = "<group>"; };
		2257517C275B4527009555EF /* pokemon-species-5.json */ = {isa = PBXFileReference; fileEncoding = 4; lastKnownFileType = text.json; path = "pokemon-species-5.json"; sourceTree = "<group>"; };
		2257517D275B4527009555EF /* pokemon-species-29.json */ = {isa = PBXFileReference; fileEncoding = 4; lastKnownFileType = text.json; path = "pokemon-species-29.json"; sourceTree = "<group>"; };
		2257517E275B4528009555EF /* pokemon-species-13.json */ = {isa = PBXFileReference; fileEncoding = 4; lastKnownFileType = text.json; path = "pokemon-species-13.json"; sourceTree = "<group>"; };
		2257517F275B4528009555EF /* pokemon-species-9.json */ = {isa = PBXFileReference; fileEncoding = 4; lastKnownFileType = text.json; path = "pokemon-species-9.json"; sourceTree = "<group>"; };
		22575180275B4528009555EF /* pokemon-species-25.json */ = {isa = PBXFileReference; fileEncoding = 4; lastKnownFileType = text.json; path = "pokemon-species-25.json"; sourceTree = "<group>"; };
		22575181275B4528009555EF /* pokemon-species-24.json */ = {isa = PBXFileReference; fileEncoding = 4; lastKnownFileType = text.json; path = "pokemon-species-24.json"; sourceTree = "<group>"; };
		22575182275B4528009555EF /* pokemon-species-8.json */ = {isa = PBXFileReference; fileEncoding = 4; lastKnownFileType = text.json; path = "pokemon-species-8.json"; sourceTree = "<group>"; };
		22575183275B4528009555EF /* pokemon-species-12.json */ = {isa = PBXFileReference; fileEncoding = 4; lastKnownFileType = text.json; path = "pokemon-species-12.json"; sourceTree = "<group>"; };
		22575184275B4528009555EF /* pokemon-species-28.json */ = {isa = PBXFileReference; fileEncoding = 4; lastKnownFileType = text.json; path = "pokemon-species-28.json"; sourceTree = "<group>"; };
		22575185275B4528009555EF /* pokemon-species-4.json */ = {isa = PBXFileReference; fileEncoding = 4; lastKnownFileType = text.json; path = "pokemon-species-4.json"; sourceTree = "<group>"; };
		22575187275B4528009555EF /* ability-34.json */ = {isa = PBXFileReference; fileEncoding = 4; lastKnownFileType = text.json; path = "ability-34.json"; sourceTree = "<group>"; };
		22575188275B4528009555EF /* ability-65.json */ = {isa = PBXFileReference; fileEncoding = 4; lastKnownFileType = text.json; path = "ability-65.json"; sourceTree = "<group>"; };
		2257518A275B4528009555EF /* FileHelper.swift */ = {isa = PBXFileReference; fileEncoding = 4; lastKnownFileType = sourcecode.swift; path = FileHelper.swift; sourceTree = "<group>"; };
		2257518B275B4528009555EF /* Sample.swift */ = {isa = PBXFileReference; fileEncoding = 4; lastKnownFileType = sourcecode.swift; path = Sample.swift; sourceTree = "<group>"; };
		2257518C275B4528009555EF /* Helpers.swift */ = {isa = PBXFileReference; fileEncoding = 4; lastKnownFileType = sourcecode.swift; path = Helpers.swift; sourceTree = "<group>"; };
/* End PBXFileReference section */

/* Begin PBXFrameworksBuildPhase section */
		2257512A275B44BA009555EF /* Frameworks */ = {
			isa = PBXFrameworksBuildPhase;
			buildActionMask = 2147483647;
			files = (
			);
			runOnlyForDeploymentPostprocessing = 0;
		};
/* End PBXFrameworksBuildPhase section */

/* Begin PBXGroup section */
		22575124275B44BA009555EF = {
			isa = PBXGroup;
			children = (
				2257512F275B44BA009555EF /* PokeMaster */,
				2257512E275B44BA009555EF /* Products */,
			);
			sourceTree = "<group>";
		};
		2257512E275B44BA009555EF /* Products */ = {
			isa = PBXGroup;
			children = (
				2257512D275B44BA009555EF /* PokeMaster.app */,
			);
			name = Products;
			sourceTree = "<group>";
		};
		2257512F275B44BA009555EF /* PokeMaster */ = {
			isa = PBXGroup;
			children = (
				22575130275B44BA009555EF /* PokeMasterApp.swift */,
				22575132275B44BA009555EF /* ContentView.swift */,
				22575147275B4527009555EF /* JSON */,
				2257513E275B4527009555EF /* Model */,
				22575189275B4528009555EF /* Utils */,
				22575134275B44BC009555EF /* Assets.xcassets */,
				22575136275B44BC009555EF /* Preview Content */,
			);
			path = PokeMaster;
			sourceTree = "<group>";
		};
		22575136275B44BC009555EF /* Preview Content */ = {
			isa = PBXGroup;
			children = (
				22575137275B44BC009555EF /* Preview Assets.xcassets */,
			);
			path = "Preview Content";
			sourceTree = "<group>";
		};
		2257513E275B4527009555EF /* Model */ = {
			isa = PBXGroup;
			children = (
				2257513F275B4527009555EF /* ViewModel */,
				22575142275B4527009555EF /* DataModel */,
			);
			path = Model;
			sourceTree = "<group>";
		};
		2257513F275B4527009555EF /* ViewModel */ = {
			isa = PBXGroup;
			children = (
				22575140275B4527009555EF /* AbilityViewModel.swift */,
				22575141275B4527009555EF /* PokemonViewModel.swift */,
			);
			path = ViewModel;
			sourceTree = "<group>";
		};
		22575142275B4527009555EF /* DataModel */ = {
			isa = PBXGroup;
			children = (
				22575143275B4527009555EF /* Language.swift */,
				22575144275B4527009555EF /* Ability.swift */,
				22575145275B4527009555EF /* Pokemon.swift */,
				22575146275B4527009555EF /* PokemonSpecies.swift */,
			);
			path = DataModel;
			sourceTree = "<group>";
		};
		22575147275B4527009555EF /* JSON */ = {
			isa = PBXGroup;
			children = (
				22575148275B4527009555EF /* pokemon */,
				22575167275B4527009555EF /* species */,
				22575186275B4528009555EF /* abilities */,
			);
			path = JSON;
			sourceTree = "<group>";
		};
		22575148275B4527009555EF /* pokemon */ = {
			isa = PBXGroup;
			children = (
				22575149275B4527009555EF /* pokemon-7.json */,
				2257514A275B4527009555EF /* pokemon-14.json */,
				2257514B275B4527009555EF /* pokemon-22.json */,
				2257514C275B4527009555EF /* pokemon-18.json */,
				2257514D275B4527009555EF /* pokemon-19.json */,
				2257514E275B4527009555EF /* pokemon-23.json */,
				2257514F275B4527009555EF /* pokemon-15.json */,
				22575150275B4527009555EF /* pokemon-6.json */,
				22575151275B4527009555EF /* pokemon-24.json */,
				22575152275B4527009555EF /* pokemon-28.json */,
				22575153275B4527009555EF /* pokemon-1.json */,
				22575154275B4527009555EF /* pokemon-12.json */,
				22575155275B4527009555EF /* pokemon-13.json */,
				22575156275B4527009555EF /* pokemon-29.json */,
				22575157275B4527009555EF /* pokemon-25.json */,
				22575158275B4527009555EF /* pokemon-26.json */,
				22575159275B4527009555EF /* pokemon-30.json */,
				2257515A275B4527009555EF /* pokemon-10.json */,
				2257515B275B4527009555EF /* pokemon-3.json */,
				2257515C275B4527009555EF /* pokemon-2.json */,
				2257515D275B4527009555EF /* pokemon-11.json */,
				2257515E275B4527009555EF /* pokemon-27.json */,
				2257515F275B4527009555EF /* pokemon-16.json */,
				22575160275B4527009555EF /* pokemon-5.json */,
				22575161275B4527009555EF /* pokemon-9.json */,
				22575162275B4527009555EF /* pokemon-20.json */,
				22575163275B4527009555EF /* pokemon-21.json */,
				22575164275B4527009555EF /* pokemon-8.json */,
				22575165275B4527009555EF /* pokemon-4.json */,
				22575166275B4527009555EF /* pokemon-17.json */,
			);
			path = pokemon;
			sourceTree = "<group>";
		};
		22575167275B4527009555EF /* species */ = {
			isa = PBXGroup;
			children = (
				22575168275B4527009555EF /* pokemon-species-11.json */,
				22575169275B4527009555EF /* pokemon-species-7.json */,
				2257516A275B4527009555EF /* pokemon-species-27.json */,
				2257516B275B4527009555EF /* pokemon-species-30.json */,
				2257516C275B4527009555EF /* pokemon-species-26.json */,
				2257516D275B4527009555EF /* pokemon-species-6.json */,
				2257516E275B4527009555EF /* pokemon-species-10.json */,
				2257516F275B4527009555EF /* pokemon-species-21.json */,
				22575170275B4527009555EF /* pokemon-species-17.json */,
				22575171275B4527009555EF /* pokemon-species-1.json */,
				22575172275B4527009555EF /* pokemon-species-16.json */,
				22575173275B4527009555EF /* pokemon-species-20.json */,
				22575174275B4527009555EF /* pokemon-species-23.json */,
				22575175275B4527009555EF /* pokemon-species-19.json */,
				22575176275B4527009555EF /* pokemon-species-3.json */,
				22575177275B4527009555EF /* pokemon-species-15.json */,
				22575178275B4527009555EF /* pokemon-species-14.json */,
				22575179275B4527009555EF /* pokemon-species-2.json */,
				2257517A275B4527009555EF /* pokemon-species-18.json */,
				2257517B275B4527009555EF /* pokemon-species-22.json */,
				2257517C275B4527009555EF /* pokemon-species-5.json */,
				2257517D275B4527009555EF /* pokemon-species-29.json */,
				2257517E275B4528009555EF /* pokemon-species-13.json */,
				2257517F275B4528009555EF /* pokemon-species-9.json */,
				22575180275B4528009555EF /* pokemon-species-25.json */,
				22575181275B4528009555EF /* pokemon-species-24.json */,
				22575182275B4528009555EF /* pokemon-species-8.json */,
				22575183275B4528009555EF /* pokemon-species-12.json */,
				22575184275B4528009555EF /* pokemon-species-28.json */,
				22575185275B4528009555EF /* pokemon-species-4.json */,
			);
			path = species;
			sourceTree = "<group>";
		};
		22575186275B4528009555EF /* abilities */ = {
			isa = PBXGroup;
			children = (
				22575187275B4528009555EF /* ability-34.json */,
				22575188275B4528009555EF /* ability-65.json */,
			);
			path = abilities;
			sourceTree = "<group>";
		};
		22575189275B4528009555EF /* Utils */ = {
			isa = PBXGroup;
			children = (
				2257518A275B4528009555EF /* FileHelper.swift */,
				2257518B275B4528009555EF /* Sample.swift */,
				2257518C275B4528009555EF /* Helpers.swift */,
			);
			path = Utils;
			sourceTree = "<group>";
		};
/* End PBXGroup section */

/* Begin PBXNativeTarget section */
		2257512C275B44BA009555EF /* PokeMaster */ = {
			isa = PBXNativeTarget;
			buildConfigurationList = 2257513B275B44BC009555EF /* Build configuration list for PBXNativeTarget "PokeMaster" */;
			buildPhases = (
				22575129275B44BA009555EF /* Sources */,
				2257512A275B44BA009555EF /* Frameworks */,
				2257512B275B44BA009555EF /* Resources */,
			);
			buildRules = (
			);
			dependencies = (
			);
			name = PokeMaster;
			productName = PokeMaster;
			productReference = 2257512D275B44BA009555EF /* PokeMaster.app */;
			productType = "com.apple.product-type.application";
		};
/* End PBXNativeTarget section */

/* Begin PBXProject section */
		22575125275B44BA009555EF /* Project object */ = {
			isa = PBXProject;
			attributes = {
				BuildIndependentTargetsInParallel = 1;
				LastSwiftUpdateCheck = 1310;
				LastUpgradeCheck = 1310;
				TargetAttributes = {
					2257512C275B44BA009555EF = {
						CreatedOnToolsVersion = 13.1;
					};
				};
			};
			buildConfigurationList = 22575128275B44BA009555EF /* Build configuration list for PBXProject "PokeMaster" */;
			compatibilityVersion = "Xcode 13.0";
			developmentRegion = en;
			hasScannedForEncodings = 0;
			knownRegions = (
				en,
				Base,
			);
			mainGroup = 22575124275B44BA009555EF;
			productRefGroup = 2257512E275B44BA009555EF /* Products */;
			projectDirPath = "";
			projectRoot = "";
			targets = (
				2257512C275B44BA009555EF /* PokeMaster */,
			);
		};
/* End PBXProject section */

/* Begin PBXResourcesBuildPhase section */
		2257512B275B44BA009555EF /* Resources */ = {
			isa = PBXResourcesBuildPhase;
			buildActionMask = 2147483647;
			files = (
				225751BD275B4528009555EF /* pokemon-species-23.json in Resources */,
				22575138275B44BC009555EF /* Preview Assets.xcassets in Resources */,
				225751BF275B4528009555EF /* pokemon-species-3.json in Resources */,
				225751BE275B4528009555EF /* pokemon-species-19.json in Resources */,
				225751C5275B4528009555EF /* pokemon-species-5.json in Resources */,
				225751C0275B4528009555EF /* pokemon-species-15.json in Resources */,
				225751AF275B4528009555EF /* pokemon-4.json in Resources */,
				225751CB275B4528009555EF /* pokemon-species-8.json in Resources */,
				2257519D275B4528009555EF /* pokemon-1.json in Resources */,
				225751AE275B4528009555EF /* pokemon-8.json in Resources */,
				225751A7275B4528009555EF /* pokemon-11.json in Resources */,
				225751C7275B4528009555EF /* pokemon-species-13.json in Resources */,
				225751B4275B4528009555EF /* pokemon-species-30.json in Resources */,
				225751B0275B4528009555EF /* pokemon-17.json in Resources */,
				225751B9275B4528009555EF /* pokemon-species-17.json in Resources */,
				225751BB275B4528009555EF /* pokemon-species-16.json in Resources */,
				225751AA275B4528009555EF /* pokemon-5.json in Resources */,
				225751CC275B4528009555EF /* pokemon-species-12.json in Resources */,
				225751A4275B4528009555EF /* pokemon-10.json in Resources */,
				2257519E275B4528009555EF /* pokemon-12.json in Resources */,
				225751C6275B4528009555EF /* pokemon-species-29.json in Resources */,
				225751AD275B4528009555EF /* pokemon-21.json in Resources */,
				225751A9275B4528009555EF /* pokemon-16.json in Resources */,
				225751B7275B4528009555EF /* pokemon-species-10.json in Resources */,
				225751A3275B4528009555EF /* pokemon-30.json in Resources */,
				22575193275B4528009555EF /* pokemon-7.json in Resources */,
				2257519A275B4528009555EF /* pokemon-6.json in Resources */,
				22575199275B4528009555EF /* pokemon-15.json in Resources */,
				22575198275B4528009555EF /* pokemon-23.json in Resources */,
				225751B2275B4528009555EF /* pokemon-species-7.json in Resources */,
				225751A5275B4528009555EF /* pokemon-3.json in Resources */,
				225751CD275B4528009555EF /* pokemon-species-28.json in Resources */,
				225751C4275B4528009555EF /* pokemon-species-22.json in Resources */,
				225751CE275B4528009555EF /* pokemon-species-4.json in Resources */,
				22575197275B4528009555EF /* pokemon-19.json in Resources */,
				225751B3275B4528009555EF /* pokemon-species-27.json in Resources */,
				225751A1275B4528009555EF /* pokemon-25.json in Resources */,
				225751A6275B4528009555EF /* pokemon-2.json in Resources */,
				225751C9275B4528009555EF /* pokemon-species-25.json in Resources */,
				225751A8275B4528009555EF /* pokemon-27.json in Resources */,
				225751B8275B4528009555EF /* pokemon-species-21.json in Resources */,
				225751C1275B4528009555EF /* pokemon-species-14.json in Resources */,
				225751A0275B4528009555EF /* pokemon-29.json in Resources */,
				225751C8275B4528009555EF /* pokemon-species-9.json in Resources */,
				225751AB275B4528009555EF /* pokemon-9.json in Resources */,
				2257519B275B4528009555EF /* pokemon-24.json in Resources */,
				225751A2275B4528009555EF /* pokemon-26.json in Resources */,
				22575196275B4528009555EF /* pokemon-18.json in Resources */,
				225751C3275B4528009555EF /* pokemon-species-18.json in Resources */,
				22575194275B4528009555EF /* pokemon-14.json in Resources */,
				225751CF275B4528009555EF /* ability-34.json in Resources */,
				2257519F275B4528009555EF /* pokemon-13.json in Resources */,
				225751B6275B4528009555EF /* pokemon-species-6.json in Resources */,
				22575135275B44BC009555EF /* Assets.xcassets in Resources */,
				22575195275B4528009555EF /* pokemon-22.json in Resources */,
				225751CA275B4528009555EF /* pokemon-species-24.json in Resources */,
				225751B5275B4528009555EF /* pokemon-species-26.json in Resources */,
				225751B1275B4528009555EF /* pokemon-species-11.json in Resources */,
				225751C2275B4528009555EF /* pokemon-species-2.json in Resources */,
				225751BC275B4528009555EF /* pokemon-species-20.json in Resources */,
				2257519C275B4528009555EF /* pokemon-28.json in Resources */,
				225751D0275B4528009555EF /* ability-65.json in Resources */,
				225751BA275B4528009555EF /* pokemon-species-1.json in Resources */,
				225751AC275B4528009555EF /* pokemon-20.json in Resources */,
			);
			runOnlyForDeploymentPostprocessing = 0;
		};
/* End PBXResourcesBuildPhase section */

/* Begin PBXSourcesBuildPhase section */
		22575129275B44BA009555EF /* Sources */ = {
			isa = PBXSourcesBuildPhase;
			buildActionMask = 2147483647;
			files = (
				22575191275B4528009555EF /* Pokemon.swift in Sources */,
				22575133275B44BA009555EF /* ContentView.swift in Sources */,
				2257518F275B4528009555EF /* Language.swift in Sources */,
				22575131275B44BA009555EF /* PokeMasterApp.swift in Sources */,
				225751D3275B4528009555EF /* Helpers.swift in Sources */,
				22575192275B4528009555EF /* PokemonSpecies.swift in Sources */,
				225751D2275B4528009555EF /* Sample.swift in Sources */,
				225751D1275B4528009555EF /* FileHelper.swift in Sources */,
				2257518E275B4528009555EF /* PokemonViewModel.swift in Sources */,
				22575190275B4528009555EF /* Ability.swift in Sources */,
				2257518D275B4528009555EF /* AbilityViewModel.swift in Sources */,
			);
			runOnlyForDeploymentPostprocessing = 0;
		};
/* End PBXSourcesBuildPhase section */

/* Begin XCBuildConfiguration section */
		22575139275B44BC009555EF /* Debug */ = {
			isa = XCBuildConfiguration;
			buildSettings = {
				ALWAYS_SEARCH_USER_PATHS = NO;
				CLANG_ANALYZER_NONNULL = YES;
				CLANG_ANALYZER_NUMBER_OBJECT_CONVERSION = YES_AGGRESSIVE;
				CLANG_CXX_LANGUAGE_STANDARD = "gnu++17";
				CLANG_CXX_LIBRARY = "libc++";
				CLANG_ENABLE_MODULES = YES;
				CLANG_ENABLE_OBJC_ARC = YES;
				CLANG_ENABLE_OBJC_WEAK = YES;
				CLANG_WARN_BLOCK_CAPTURE_AUTORELEASING = YES;
				CLANG_WARN_BOOL_CONVERSION = YES;
				CLANG_WARN_COMMA = YES;
				CLANG_WARN_CONSTANT_CONVERSION = YES;
				CLANG_WARN_DEPRECATED_OBJC_IMPLEMENTATIONS = YES;
				CLANG_WARN_DIRECT_OBJC_ISA_USAGE = YES_ERROR;
				CLANG_WARN_DOCUMENTATION_COMMENTS = YES;
				CLANG_WARN_EMPTY_BODY = YES;
				CLANG_WARN_ENUM_CONVERSION = YES;
				CLANG_WARN_INFINITE_RECURSION = YES;
				CLANG_WARN_INT_CONVERSION = YES;
				CLANG_WARN_NON_LITERAL_NULL_CONVERSION = YES;
				CLANG_WARN_OBJC_IMPLICIT_RETAIN_SELF = YES;
				CLANG_WARN_OBJC_LITERAL_CONVERSION = YES;
				CLANG_WARN_OBJC_ROOT_CLASS = YES_ERROR;
				CLANG_WARN_QUOTED_INCLUDE_IN_FRAMEWORK_HEADER = YES;
				CLANG_WARN_RANGE_LOOP_ANALYSIS = YES;
				CLANG_WARN_STRICT_PROTOTYPES = YES;
				CLANG_WARN_SUSPICIOUS_MOVE = YES;
				CLANG_WARN_UNGUARDED_AVAILABILITY = YES_AGGRESSIVE;
				CLANG_WARN_UNREACHABLE_CODE = YES;
				CLANG_WARN__DUPLICATE_METHOD_MATCH = YES;
				COPY_PHASE_STRIP = NO;
				DEBUG_INFORMATION_FORMAT = dwarf;
				ENABLE_STRICT_OBJC_MSGSEND = YES;
				ENABLE_TESTABILITY = YES;
				GCC_C_LANGUAGE_STANDARD = gnu11;
				GCC_DYNAMIC_NO_PIC = NO;
				GCC_NO_COMMON_BLOCKS = YES;
				GCC_OPTIMIZATION_LEVEL = 0;
				GCC_PREPROCESSOR_DEFINITIONS = (
					"DEBUG=1",
					"$(inherited)",
				);
				GCC_WARN_64_TO_32_BIT_CONVERSION = YES;
				GCC_WARN_ABOUT_RETURN_TYPE = YES_ERROR;
				GCC_WARN_UNDECLARED_SELECTOR = YES;
				GCC_WARN_UNINITIALIZED_AUTOS = YES_AGGRESSIVE;
				GCC_WARN_UNUSED_FUNCTION = YES;
				GCC_WARN_UNUSED_VARIABLE = YES;
				IPHONEOS_DEPLOYMENT_TARGET = 15.0;
				MTL_ENABLE_DEBUG_INFO = INCLUDE_SOURCE;
				MTL_FAST_MATH = YES;
				ONLY_ACTIVE_ARCH = YES;
				SDKROOT = iphoneos;
				SWIFT_ACTIVE_COMPILATION_CONDITIONS = DEBUG;
				SWIFT_OPTIMIZATION_LEVEL = "-Onone";
			};
			name = Debug;
		};
		2257513A275B44BC009555EF /* Release */ = {
			isa = XCBuildConfiguration;
			buildSettings = {
				ALWAYS_SEARCH_USER_PATHS = NO;
				CLANG_ANALYZER_NONNULL = YES;
				CLANG_ANALYZER_NUMBER_OBJECT_CONVERSION = YES_AGGRESSIVE;
				CLANG_CXX_LANGUAGE_STANDARD = "gnu++17";
				CLANG_CXX_LIBRARY = "libc++";
				CLANG_ENABLE_MODULES = YES;
				CLANG_ENABLE_OBJC_ARC = YES;
				CLANG_ENABLE_OBJC_WEAK = YES;
				CLANG_WARN_BLOCK_CAPTURE_AUTORELEASING = YES;
				CLANG_WARN_BOOL_CONVERSION = YES;
				CLANG_WARN_COMMA = YES;
				CLANG_WARN_CONSTANT_CONVERSION = YES;
				CLANG_WARN_DEPRECATED_OBJC_IMPLEMENTATIONS = YES;
				CLANG_WARN_DIRECT_OBJC_ISA_USAGE = YES_ERROR;
				CLANG_WARN_DOCUMENTATION_COMMENTS = YES;
				CLANG_WARN_EMPTY_BODY = YES;
				CLANG_WARN_ENUM_CONVERSION = YES;
				CLANG_WARN_INFINITE_RECURSION = YES;
				CLANG_WARN_INT_CONVERSION = YES;
				CLANG_WARN_NON_LITERAL_NULL_CONVERSION = YES;
				CLANG_WARN_OBJC_IMPLICIT_RETAIN_SELF = YES;
				CLANG_WARN_OBJC_LITERAL_CONVERSION = YES;
				CLANG_WARN_OBJC_ROOT_CLASS = YES_ERROR;
				CLANG_WARN_QUOTED_INCLUDE_IN_FRAMEWORK_HEADER = YES;
				CLANG_WARN_RANGE_LOOP_ANALYSIS = YES;
				CLANG_WARN_STRICT_PROTOTYPES = YES;
				CLANG_WARN_SUSPICIOUS_MOVE = YES;
				CLANG_WARN_UNGUARDED_AVAILABILITY = YES_AGGRESSIVE;
				CLANG_WARN_UNREACHABLE_CODE = YES;
				CLANG_WARN__DUPLICATE_METHOD_MATCH = YES;
				COPY_PHASE_STRIP = NO;
				DEBUG_INFORMATION_FORMAT = "dwarf-with-dsym";
				ENABLE_NS_ASSERTIONS = NO;
				ENABLE_STRICT_OBJC_MSGSEND = YES;
				GCC_C_LANGUAGE_STANDARD = gnu11;
				GCC_NO_COMMON_BLOCKS = YES;
				GCC_WARN_64_TO_32_BIT_CONVERSION = YES;
				GCC_WARN_ABOUT_RETURN_TYPE = YES_ERROR;
				GCC_WARN_UNDECLARED_SELECTOR = YES;
				GCC_WARN_UNINITIALIZED_AUTOS = YES_AGGRESSIVE;
				GCC_WARN_UNUSED_FUNCTION = YES;
				GCC_WARN_UNUSED_VARIABLE = YES;
				IPHONEOS_DEPLOYMENT_TARGET = 15.0;
				MTL_ENABLE_DEBUG_INFO = NO;
				MTL_FAST_MATH = YES;
				SDKROOT = iphoneos;
				SWIFT_COMPILATION_MODE = wholemodule;
				SWIFT_OPTIMIZATION_LEVEL = "-O";
				VALIDATE_PRODUCT = YES;
			};
			name = Release;
		};
		2257513C275B44BC009555EF /* Debug */ = {
			isa = XCBuildConfiguration;
			buildSettings = {
				ASSETCATALOG_COMPILER_APPICON_NAME = AppIcon;
				ASSETCATALOG_COMPILER_GLOBAL_ACCENT_COLOR_NAME = AccentColor;
				CODE_SIGN_STYLE = Automatic;
				CURRENT_PROJECT_VERSION = 1;
				DEVELOPMENT_ASSET_PATHS = "\"PokeMaster/Preview Content\"";
				DEVELOPMENT_TEAM = TFHXWVTUX7;
				ENABLE_PREVIEWS = YES;
				GENERATE_INFOPLIST_FILE = YES;
				INFOPLIST_KEY_UIApplicationSceneManifest_Generation = YES;
				INFOPLIST_KEY_UIApplicationSupportsIndirectInputEvents = YES;
				INFOPLIST_KEY_UILaunchScreen_Generation = YES;
				INFOPLIST_KEY_UISupportedInterfaceOrientations_iPad = "UIInterfaceOrientationPortrait UIInterfaceOrientationPortraitUpsideDown UIInterfaceOrientationLandscapeLeft UIInterfaceOrientationLandscapeRight";
				INFOPLIST_KEY_UISupportedInterfaceOrientations_iPhone = "UIInterfaceOrientationPortrait UIInterfaceOrientationLandscapeLeft UIInterfaceOrientationLandscapeRight";
				LD_RUNPATH_SEARCH_PATHS = (
					"$(inherited)",
					"@executable_path/Frameworks",
				);
				MARKETING_VERSION = 1.0;
				PRODUCT_BUNDLE_IDENTIFIER = com.flower.cai.test.PokeMaster;
				PRODUCT_NAME = "$(TARGET_NAME)";
				SWIFT_EMIT_LOC_STRINGS = YES;
				SWIFT_VERSION = 5.0;
				TARGETED_DEVICE_FAMILY = "1,2";
			};
			name = Debug;
		};
		2257513D275B44BC009555EF /* Release */ = {
			isa = XCBuildConfiguration;
			buildSettings = {
				ASSETCATALOG_COMPILER_APPICON_NAME = AppIcon;
				ASSETCATALOG_COMPILER_GLOBAL_ACCENT_COLOR_NAME = AccentColor;
				CODE_SIGN_STYLE = Automatic;
				CURRENT_PROJECT_VERSION = 1;
				DEVELOPMENT_ASSET_PATHS = "\"PokeMaster/Preview Content\"";
				DEVELOPMENT_TEAM = TFHXWVTUX7;
				ENABLE_PREVIEWS = YES;
				GENERATE_INFOPLIST_FILE = YES;
				INFOPLIST_KEY_UIApplicationSceneManifest_Generation = YES;
				INFOPLIST_KEY_UIApplicationSupportsIndirectInputEvents = YES;
				INFOPLIST_KEY_UILaunchScreen_Generation = YES;
				INFOPLIST_KEY_UISupportedInterfaceOrientations_iPad = "UIInterfaceOrientationPortrait UIInterfaceOrientationPortraitUpsideDown UIInterfaceOrientationLandscapeLeft UIInterfaceOrientationLandscapeRight";
				INFOPLIST_KEY_UISupportedInterfaceOrientations_iPhone = "UIInterfaceOrientationPortrait UIInterfaceOrientationLandscapeLeft UIInterfaceOrientationLandscapeRight";
				LD_RUNPATH_SEARCH_PATHS = (
					"$(inherited)",
					"@executable_path/Frameworks",
				);
				MARKETING_VERSION = 1.0;
				PRODUCT_BUNDLE_IDENTIFIER = com.flower.cai.test.PokeMaster;
				PRODUCT_NAME = "$(TARGET_NAME)";
				SWIFT_EMIT_LOC_STRINGS = YES;
				SWIFT_VERSION = 5.0;
				TARGETED_DEVICE_FAMILY = "1,2";
			};
			name = Release;
		};
/* End XCBuildConfiguration section */

/* Begin XCConfigurationList section */
		22575128275B44BA009555EF /* Build configuration list for PBXProject "PokeMaster" */ = {
			isa = XCConfigurationList;
			buildConfigurations = (
				22575139275B44BC009555EF /* Debug */,
				2257513A275B44BC009555EF /* Release */,
			);
			defaultConfigurationIsVisible = 0;
			defaultConfigurationName = Release;
		};
		2257513B275B44BC009555EF /* Build configuration list for PBXNativeTarget "PokeMaster" */ = {
			isa = XCConfigurationList;
			buildConfigurations = (
				2257513C275B44BC009555EF /* Debug */,
				2257513D275B44BC009555EF /* Release */,
			);
			defaultConfigurationIsVisible = 0;
			defaultConfigurationName = Release;
		};
/* End XCConfigurationList section */
	};
	rootObject = 22575125275B44BA009555EF /* Project object */;
}
